
Microsoft Visual Studio Solution File, Format Version 12.00
# Visual Studio Version 17
VisualStudioVersion = 17.0.32126.317
MinimumVisualStudioVersion = 10.0.40219.1
Project("{FAE04EC0-301F-11D3-BF4B-00C04F79EFBC}") = "RUAG(Random Unique Art Generator)", "RUAG(Random Unique Art Generator).csproj", "{9FC44D41-B20F-4B51-B756-354577F84CC1}"
EndProject
Global
	GlobalSection(SolutionConfigurationPlatforms) = preSolution
		Debug|Any CPU = Debug|Any CPU
		Release|Any CPU = Release|Any CPU
	EndGlobalSection
	GlobalSection(ProjectConfigurationPlatforms) = postSolution
		{9FC44D41-B20F-4B51-B756-354577F84CC1}.Debug|Any CPU.ActiveCfg = Debug|Any CPU
		{9FC44D41-B20F-4B51-B756-354577F84CC1}.Debug|Any CPU.Build.0 = Debug|Any CPU
		{9FC44D41-B20F-4B51-B756-354577F84CC1}.Release|Any CPU.ActiveCfg = Release|Any CPU
		{9FC44D41-B20F-4B51-B756-354577F84CC1}.Release|Any CPU.Build.0 = Release|Any CPU
	EndGlobalSection
	GlobalSection(SolutionProperties) = preSolution
		HideSolutionNode = FALSE
	EndGlobalSection
	GlobalSection(ExtensibilityGlobals) = postSolution
		SolutionGuid = {2B126781-7F63-4B5D-9F86-A0AA92E5FAAD}
	EndGlobalSection
EndGlobal
